// !$*UTF8*$!
{
	archiveVersion = 1;
	classes = {
	};
	objectVersion = 46;
	objects = {

/* Begin PBXBuildFile section */
		54F9B2AF1F18D6DA0037D602 /* AppDelegate.swift in Sources */ = {isa = PBXBuildFile; fileRef = 54F9B2AE1F18D6DA0037D602 /* AppDelegate.swift */; };
		54F9B2B11F18D6DA0037D602 /* ViewController.swift in Sources */ = {isa = PBXBuildFile; fileRef = 54F9B2B01F18D6DA0037D602 /* ViewController.swift */; };
		54F9B2B41F18D6DA0037D602 /* Main.storyboard in Resources */ = {isa = PBXBuildFile; fileRef = 54F9B2B21F18D6DA0037D602 /* Main.storyboard */; };
		54F9B2B61F18D6DA0037D602 /* Assets.xcassets in Resources */ = {isa = PBXBuildFile; fileRef = 54F9B2B51F18D6DA0037D602 /* Assets.xcassets */; };
		54F9B2B91F18D6DA0037D602 /* LaunchScreen.storyboard in Resources */ = {isa = PBXBuildFile; fileRef = 54F9B2B71F18D6DA0037D602 /* LaunchScreen.storyboard */; };
		54F9B2C41F18D6DA0037D602 /* database_fmdb_Tests.swift in Sources */ = {isa = PBXBuildFile; fileRef = 54F9B2C31F18D6DA0037D602 /* database_fmdb_Tests.swift */; };
		54F9B2CF1F18D6DA0037D602 /* database_fmdb_UITests.swift in Sources */ = {isa = PBXBuildFile; fileRef = 54F9B2CE1F18D6DA0037D602 /* database_fmdb_UITests.swift */; };
		54F9B2E81F18D7150037D602 /* FMDatabase.m in Sources */ = {isa = PBXBuildFile; fileRef = 54F9B2DE1F18D7150037D602 /* FMDatabase.m */; settings = {COMPILER_FLAGS = "-fno-objc-arc"; }; };
		54F9B2E91F18D7150037D602 /* FMDatabaseAdditions.m in Sources */ = {isa = PBXBuildFile; fileRef = 54F9B2E01F18D7150037D602 /* FMDatabaseAdditions.m */; };
		54F9B2EA1F18D7150037D602 /* FMDatabasePool.m in Sources */ = {isa = PBXBuildFile; fileRef = 54F9B2E21F18D7150037D602 /* FMDatabasePool.m */; settings = {COMPILER_FLAGS = "-fno-objc-arc"; }; };
		54F9B2EB1F18D7150037D602 /* FMDatabaseQueue.m in Sources */ = {isa = PBXBuildFile; fileRef = 54F9B2E41F18D7150037D602 /* FMDatabaseQueue.m */; settings = {COMPILER_FLAGS = "-fno-objc-arc"; }; };
		54F9B2EC1F18D7150037D602 /* FMResultSet.m in Sources */ = {isa = PBXBuildFile; fileRef = 54F9B2E71F18D7150037D602 /* FMResultSet.m */; settings = {COMPILER_FLAGS = "-fno-objc-arc"; }; };
		54F9B2EF1F18DE6D0037D602 /* libsqlite3.0.tbd in Frameworks */ = {isa = PBXBuildFile; fileRef = 54F9B2EE1F18DE6D0037D602 /* libsqlite3.0.tbd */; };
/* End PBXBuildFile section */

/* Begin PBXContainerItemProxy section */
		54F9B2C01F18D6DA0037D602 /* PBXContainerItemProxy */ = {
			isa = PBXContainerItemProxy;
			containerPortal = 54F9B2A31F18D6DA0037D602 /* Project object */;
			proxyType = 1;
			remoteGlobalIDString = 54F9B2AA1F18D6DA0037D602;
			remoteInfo = "database(fmdb)";
		};
		54F9B2CB1F18D6DA0037D602 /* PBXContainerItemProxy */ = {
			isa = PBXContainerItemProxy;
			containerPortal = 54F9B2A31F18D6DA0037D602 /* Project object */;
			proxyType = 1;
			remoteGlobalIDString = 54F9B2AA1F18D6DA0037D602;
			remoteInfo = "database(fmdb)";
		};
/* End PBXContainerItemProxy section */

/* Begin PBXFileReference section */
		54F9B2AB1F18D6DA0037D602 /* database(fmdb).app */ = {isa = PBXFileReference; explicitFileType = wrapper.application; includeInIndex = 0; path = "database(fmdb).app"; sourceTree = BUILT_PRODUCTS_DIR; };
		54F9B2AE1F18D6DA0037D602 /* AppDelegate.swift */ = {isa = PBXFileReference; lastKnownFileType = sourcecode.swift; path = AppDelegate.swift; sourceTree = "<group>"; };
		54F9B2B01F18D6DA0037D602 /* ViewController.swift */ = {isa = PBXFileReference; lastKnownFileType = sourcecode.swift; path = ViewController.swift; sourceTree = "<group>"; };
		54F9B2B31F18D6DA0037D602 /* Base */ = {isa = PBXFileReference; lastKnownFileType = file.storyboard; name = Base; path = Base.lproj/Main.storyboard; sourceTree = "<group>"; };
		54F9B2B51F18D6DA0037D602 /* Assets.xcassets */ = {isa = PBXFileReference; lastKnownFileType = folder.assetcatalog; path = Assets.xcassets; sourceTree = "<group>"; };
		54F9B2B81F18D6DA0037D602 /* Base */ = {isa = PBXFileReference; lastKnownFileType = file.storyboard; name = Base; path = Base.lproj/LaunchScreen.storyboard; sourceTree = "<group>"; };
		54F9B2BA1F18D6DA0037D602 /* Info.plist */ = {isa = PBXFileReference; lastKnownFileType = text.plist.xml; path = Info.plist; sourceTree = "<group>"; };
		54F9B2BF1F18D6DA0037D602 /* database(fmdb)Tests.xctest */ = {isa = PBXFileReference; explicitFileType = wrapper.cfbundle; includeInIndex = 0; path = "database(fmdb)Tests.xctest"; sourceTree = BUILT_PRODUCTS_DIR; };
		54F9B2C31F18D6DA0037D602 /* database_fmdb_Tests.swift */ = {isa = PBXFileReference; lastKnownFileType = sourcecode.swift; path = database_fmdb_Tests.swift; sourceTree = "<group>"; };
		54F9B2C51F18D6DA0037D602 /* Info.plist */ = {isa = PBXFileReference; lastKnownFileType = text.plist.xml; path = Info.plist; sourceTree = "<group>"; };
		54F9B2CA1F18D6DA0037D602 /* database(fmdb)UITests.xctest */ = {isa = PBXFileReference; explicitFileType = wrapper.cfbundle; includeInIndex = 0; path = "database(fmdb)UITests.xctest"; sourceTree = BUILT_PRODUCTS_DIR; };
		54F9B2CE1F18D6DA0037D602 /* database_fmdb_UITests.swift */ = {isa = PBXFileReference; lastKnownFileType = sourcecode.swift; path = database_fmdb_UITests.swift; sourceTree = "<group>"; };
		54F9B2D01F18D6DA0037D602 /* Info.plist */ = {isa = PBXFileReference; lastKnownFileType = text.plist.xml; path = Info.plist; sourceTree = "<group>"; };
		54F9B2DC1F18D7150037D602 /* database(fmdb)-Bridging-Header.h */ = {isa = PBXFileReference; lastKnownFileType = sourcecode.c.h; path = "database(fmdb)-Bridging-Header.h"; sourceTree = SOURCE_ROOT; };
		54F9B2DD1F18D7150037D602 /* FMDatabase.h */ = {isa = PBXFileReference; fileEncoding = 4; lastKnownFileType = sourcecode.c.h; name = FMDatabase.h; path = ../../../Downloads/fmdb/src/fmdb/FMDatabase.h; sourceTree = "<group>"; };
		54F9B2DE1F18D7150037D602 /* FMDatabase.m */ = {isa = PBXFileReference; fileEncoding = 4; lastKnownFileType = sourcecode.c.objc; name = FMDatabase.m; path = ../../../Downloads/fmdb/src/fmdb/FMDatabase.m; sourceTree = "<group>"; };
		54F9B2DF1F18D7150037D602 /* FMDatabaseAdditions.h */ = {isa = PBXFileReference; fileEncoding = 4; lastKnownFileType = sourcecode.c.h; name = FMDatabaseAdditions.h; path = ../../../Downloads/fmdb/src/fmdb/FMDatabaseAdditions.h; sourceTree = "<group>"; };
		54F9B2E01F18D7150037D602 /* FMDatabaseAdditions.m */ = {isa = PBXFileReference; fileEncoding = 4; lastKnownFileType = sourcecode.c.objc; name = FMDatabaseAdditions.m; path = ../../../Downloads/fmdb/src/fmdb/FMDatabaseAdditions.m; sourceTree = "<group>"; };
		54F9B2E11F18D7150037D602 /* FMDatabasePool.h */ = {isa = PBXFileReference; fileEncoding = 4; lastKnownFileType = sourcecode.c.h; name = FMDatabasePool.h; path = ../../../Downloads/fmdb/src/fmdb/FMDatabasePool.h; sourceTree = "<group>"; };
		54F9B2E21F18D7150037D602 /* FMDatabasePool.m */ = {isa = PBXFileReference; fileEncoding = 4; lastKnownFileType = sourcecode.c.objc; name = FMDatabasePool.m; path = ../../../Downloads/fmdb/src/fmdb/FMDatabasePool.m; sourceTree = "<group>"; };
		54F9B2E31F18D7150037D602 /* FMDatabaseQueue.h */ = {isa = PBXFileReference; fileEncoding = 4; lastKnownFileType = sourcecode.c.h; name = FMDatabaseQueue.h; path = ../../../Downloads/fmdb/src/fmdb/FMDatabaseQueue.h; sourceTree = "<group>"; };
		54F9B2E41F18D7150037D602 /* FMDatabaseQueue.m */ = {isa = PBXFileReference; fileEncoding = 4; lastKnownFileType = sourcecode.c.objc; name = FMDatabaseQueue.m; path = ../../../Downloads/fmdb/src/fmdb/FMDatabaseQueue.m; sourceTree = "<group>"; };
		54F9B2E51F18D7150037D602 /* FMDB.h */ = {isa = PBXFileReference; fileEncoding = 4; lastKnownFileType = sourcecode.c.h; name = FMDB.h; path = ../../../Downloads/fmdb/src/fmdb/FMDB.h; sourceTree = "<group>"; };
		54F9B2E61F18D7150037D602 /* FMResultSet.h */ = {isa = PBXFileReference; fileEncoding = 4; lastKnownFileType = sourcecode.c.h; name = FMResultSet.h; path = ../../../Downloads/fmdb/src/fmdb/FMResultSet.h; sourceTree = "<group>"; };
		54F9B2E71F18D7150037D602 /* FMResultSet.m */ = {isa = PBXFileReference; fileEncoding = 4; lastKnownFileType = sourcecode.c.objc; name = FMResultSet.m; path = ../../../Downloads/fmdb/src/fmdb/FMResultSet.m; sourceTree = "<group>"; };
		54F9B2EE1F18DE6D0037D602 /* libsqlite3.0.tbd */ = {isa = PBXFileReference; lastKnownFileType = "sourcecode.text-based-dylib-definition"; name = libsqlite3.0.tbd; path = usr/lib/libsqlite3.0.tbd; sourceTree = SDKROOT; };
/* End PBXFileReference section */

/* Begin PBXFrameworksBuildPhase section */
		54F9B2A81F18D6DA0037D602 /* Frameworks */ = {
			isa = PBXFrameworksBuildPhase;
			buildActionMask = 2147483647;
			files = (
				54F9B2EF1F18DE6D0037D602 /* libsqlite3.0.tbd in Frameworks */,
			);
			runOnlyForDeploymentPostprocessing = 0;
		};
		54F9B2BC1F18D6DA0037D602 /* Frameworks */ = {
			isa = PBXFrameworksBuildPhase;
			buildActionMask = 2147483647;
			files = (
			);
			runOnlyForDeploymentPostprocessing = 0;
		};
		54F9B2C71F18D6DA0037D602 /* Frameworks */ = {
			isa = PBXFrameworksBuildPhase;
			buildActionMask = 2147483647;
			files = (
			);
			runOnlyForDeploymentPostprocessing = 0;
		};
/* End PBXFrameworksBuildPhase section */

/* Begin PBXGroup section */
		54F9B2A21F18D6DA0037D602 = {
			isa = PBXGroup;
			children = (
				54F9B2AD1F18D6DA0037D602 /* database(fmdb) */,
				54F9B2C21F18D6DA0037D602 /* database(fmdb)Tests */,
				54F9B2CD1F18D6DA0037D602 /* database(fmdb)UITests */,
				54F9B2AC1F18D6DA0037D602 /* Products */,
				54F9B2DC1F18D7150037D602 /* database(fmdb)-Bridging-Header.h */,
				54F9B2ED1F18DE6D0037D602 /* Frameworks */,
			);
			sourceTree = "<group>";
		};
		54F9B2AC1F18D6DA0037D602 /* Products */ = {
			isa = PBXGroup;
			children = (
				54F9B2AB1F18D6DA0037D602 /* database(fmdb).app */,
				54F9B2BF1F18D6DA0037D602 /* database(fmdb)Tests.xctest */,
				54F9B2CA1F18D6DA0037D602 /* database(fmdb)UITests.xctest */,
			);
			name = Products;
			sourceTree = "<group>";
		};
		54F9B2AD1F18D6DA0037D602 /* database(fmdb) */ = {
			isa = PBXGroup;
			children = (
				54F9B2DD1F18D7150037D602 /* FMDatabase.h */,
				54F9B2DE1F18D7150037D602 /* FMDatabase.m */,
				54F9B2DF1F18D7150037D602 /* FMDatabaseAdditions.h */,
				54F9B2E01F18D7150037D602 /* FMDatabaseAdditions.m */,
				54F9B2E11F18D7150037D602 /* FMDatabasePool.h */,
				54F9B2E21F18D7150037D602 /* FMDatabasePool.m */,
				54F9B2E31F18D7150037D602 /* FMDatabaseQueue.h */,
				54F9B2E41F18D7150037D602 /* FMDatabaseQueue.m */,
				54F9B2E51F18D7150037D602 /* FMDB.h */,
				54F9B2E61F18D7150037D602 /* FMResultSet.h */,
				54F9B2E71F18D7150037D602 /* FMResultSet.m */,
				54F9B2AE1F18D6DA0037D602 /* AppDelegate.swift */,
				54F9B2B01F18D6DA0037D602 /* ViewController.swift */,
				54F9B2B21F18D6DA0037D602 /* Main.storyboard */,
				54F9B2B51F18D6DA0037D602 /* Assets.xcassets */,
				54F9B2B71F18D6DA0037D602 /* LaunchScreen.storyboard */,
				54F9B2BA1F18D6DA0037D602 /* Info.plist */,
			);
			path = "database(fmdb)";
			sourceTree = "<group>";
		};
		54F9B2C21F18D6DA0037D602 /* database(fmdb)Tests */ = {
			isa = PBXGroup;
			children = (
				54F9B2C31F18D6DA0037D602 /* database_fmdb_Tests.swift */,
				54F9B2C51F18D6DA0037D602 /* Info.plist */,
			);
			path = "database(fmdb)Tests";
			sourceTree = "<group>";
		};
		54F9B2CD1F18D6DA0037D602 /* database(fmdb)UITests */ = {
			isa = PBXGroup;
			children = (
				54F9B2CE1F18D6DA0037D602 /* database_fmdb_UITests.swift */,
				54F9B2D01F18D6DA0037D602 /* Info.plist */,
			);
			path = "database(fmdb)UITests";
			sourceTree = "<group>";
		};
		54F9B2ED1F18DE6D0037D602 /* Frameworks */ = {
			isa = PBXGroup;
			children = (
				54F9B2EE1F18DE6D0037D602 /* libsqlite3.0.tbd */,
			);
			name = Frameworks;
			sourceTree = "<group>";
		};
/* End PBXGroup section */

/* Begin PBXNativeTarget section */
		54F9B2AA1F18D6DA0037D602 /* database(fmdb) */ = {
			isa = PBXNativeTarget;
			buildConfigurationList = 54F9B2D31F18D6DA0037D602 /* Build configuration list for PBXNativeTarget "database(fmdb)" */;
			buildPhases = (
				54F9B2A71F18D6DA0037D602 /* Sources */,
				54F9B2A81F18D6DA0037D602 /* Frameworks */,
				54F9B2A91F18D6DA0037D602 /* Resources */,
			);
			buildRules = (
			);
			dependencies = (
			);
			name = "database(fmdb)";
			productName = "database(fmdb)";
			productReference = 54F9B2AB1F18D6DA0037D602 /* database(fmdb).app */;
			productType = "com.apple.product-type.application";
		};
		54F9B2BE1F18D6DA0037D602 /* database(fmdb)Tests */ = {
			isa = PBXNativeTarget;
			buildConfigurationList = 54F9B2D61F18D6DA0037D602 /* Build configuration list for PBXNativeTarget "database(fmdb)Tests" */;
			buildPhases = (
				54F9B2BB1F18D6DA0037D602 /* Sources */,
				54F9B2BC1F18D6DA0037D602 /* Frameworks */,
				54F9B2BD1F18D6DA0037D602 /* Resources */,
			);
			buildRules = (
			);
			dependencies = (
				54F9B2C11F18D6DA0037D602 /* PBXTargetDependency */,
			);
			name = "database(fmdb)Tests";
			productName = "database(fmdb)Tests";
			productReference = 54F9B2BF1F18D6DA0037D602 /* database(fmdb)Tests.xctest */;
			productType = "com.apple.product-type.bundle.unit-test";
		};
		54F9B2C91F18D6DA0037D602 /* database(fmdb)UITests */ = {
			isa = PBXNativeTarget;
			buildConfigurationList = 54F9B2D91F18D6DA0037D602 /* Build configuration list for PBXNativeTarget "database(fmdb)UITests" */;
			buildPhases = (
				54F9B2C61F18D6DA0037D602 /* Sources */,
				54F9B2C71F18D6DA0037D602 /* Frameworks */,
				54F9B2C81F18D6DA0037D602 /* Resources */,
			);
			buildRules = (
			);
			dependencies = (
				54F9B2CC1F18D6DA0037D602 /* PBXTargetDependency */,
			);
			name = "database(fmdb)UITests";
			productName = "database(fmdb)UITests";
			productReference = 54F9B2CA1F18D6DA0037D602 /* database(fmdb)UITests.xctest */;
			productType = "com.apple.product-type.bundle.ui-testing";
		};
/* End PBXNativeTarget section */

/* Begin PBXProject section */
		54F9B2A31F18D6DA0037D602 /* Project object */ = {
			isa = PBXProject;
			attributes = {
				LastSwiftUpdateCheck = 0830;
				LastUpgradeCheck = 0830;
				ORGANIZATIONNAME = plash;
				TargetAttributes = {
					54F9B2AA1F18D6DA0037D602 = {
						CreatedOnToolsVersion = 8.3.2;
						LastSwiftMigration = 0830;
						ProvisioningStyle = Automatic;
					};
					54F9B2BE1F18D6DA0037D602 = {
						CreatedOnToolsVersion = 8.3.2;
						ProvisioningStyle = Automatic;
						TestTargetID = 54F9B2AA1F18D6DA0037D602;
					};
					54F9B2C91F18D6DA0037D602 = {
						CreatedOnToolsVersion = 8.3.2;
						ProvisioningStyle = Automatic;
						TestTargetID = 54F9B2AA1F18D6DA0037D602;
					};
				};
			};
			buildConfigurationList = 54F9B2A61F18D6DA0037D602 /* Build configuration list for PBXProject "database(fmdb)" */;
			compatibilityVersion = "Xcode 3.2";
			developmentRegion = English;
			hasScannedForEncodings = 0;
			knownRegions = (
				en,
				Base,
			);
			mainGroup = 54F9B2A21F18D6DA0037D602;
			productRefGroup = 54F9B2AC1F18D6DA0037D602 /* Products */;
			projectDirPath = "";
			projectRoot = "";
			targets = (
				54F9B2AA1F18D6DA0037D602 /* database(fmdb) */,
				54F9B2BE1F18D6DA0037D602 /* database(fmdb)Tests */,
				54F9B2C91F18D6DA0037D602 /* database(fmdb)UITests */,
			);
		};
/* End PBXProject section */

/* Begin PBXResourcesBuildPhase section */
		54F9B2A91F18D6DA0037D602 /* Resources */ = {
			isa = PBXResourcesBuildPhase;
			buildActionMask = 2147483647;
			files = (
				54F9B2B91F18D6DA0037D602 /* LaunchScreen.storyboard in Resources */,
				54F9B2B61F18D6DA0037D602 /* Assets.xcassets in Resources */,
				54F9B2B41F18D6DA0037D602 /* Main.storyboard in Resources */,
			);
			runOnlyForDeploymentPostprocessing = 0;
		};
		54F9B2BD1F18D6DA0037D602 /* Resources */ = {
			isa = PBXResourcesBuildPhase;
			buildActionMask = 2147483647;
			files = (
			);
			runOnlyForDeploymentPostprocessing = 0;
		};
		54F9B2C81F18D6DA0037D602 /* Resources */ = {
			isa = PBXResourcesBuildPhase;
			buildActionMask = 2147483647;
			files = (
			);
			runOnlyForDeploymentPostprocessing = 0;
		};
/* End PBXResourcesBuildPhase section */

/* Begin PBXSourcesBuildPhase section */
		54F9B2A71F18D6DA0037D602 /* Sources */ = {
			isa = PBXSourcesBuildPhase;
			buildActionMask = 2147483647;
			files = (
				54F9B2E81F18D7150037D602 /* FMDatabase.m in Sources */,
				54F9B2B11F18D6DA0037D602 /* ViewController.swift in Sources */,
				54F9B2EC1F18D7150037D602 /* FMResultSet.m in Sources */,
				54F9B2EA1F18D7150037D602 /* FMDatabasePool.m in Sources */,
				54F9B2AF1F18D6DA0037D602 /* AppDelegate.swift in Sources */,
				54F9B2E91F18D7150037D602 /* FMDatabaseAdditions.m in Sources */,
				54F9B2EB1F18D7150037D602 /* FMDatabaseQueue.m in Sources */,
			);
			runOnlyForDeploymentPostprocessing = 0;
		};
		54F9B2BB1F18D6DA0037D602 /* Sources */ = {
			isa = PBXSourcesBuildPhase;
			buildActionMask = 2147483647;
			files = (
				54F9B2C41F18D6DA0037D602 /* database_fmdb_Tests.swift in Sources */,
			);
			runOnlyForDeploymentPostprocessing = 0;
		};
		54F9B2C61F18D6DA0037D602 /* Sources */ = {
			isa = PBXSourcesBuildPhase;
			buildActionMask = 2147483647;
			files = (
				54F9B2CF1F18D6DA0037D602 /* database_fmdb_UITests.swift in Sources */,
			);
			runOnlyForDeploymentPostprocessing = 0;
		};
/* End PBXSourcesBuildPhase section */

/* Begin PBXTargetDependency section */
		54F9B2C11F18D6DA0037D602 /* PBXTargetDependency */ = {
			isa = PBXTargetDependency;
			target = 54F9B2AA1F18D6DA0037D602 /* database(fmdb) */;
			targetProxy = 54F9B2C01F18D6DA0037D602 /* PBXContainerItemProxy */;
		};
		54F9B2CC1F18D6DA0037D602 /* PBXTargetDependency */ = {
			isa = PBXTargetDependency;
			target = 54F9B2AA1F18D6DA0037D602 /* database(fmdb) */;
			targetProxy = 54F9B2CB1F18D6DA0037D602 /* PBXContainerItemProxy */;
		};
/* End PBXTargetDependency section */

/* Begin PBXVariantGroup section */
		54F9B2B21F18D6DA0037D602 /* Main.storyboard */ = {
			isa = PBXVariantGroup;
			children = (
				54F9B2B31F18D6DA0037D602 /* Base */,
			);
			name = Main.storyboard;
			sourceTree = "<group>";
		};
		54F9B2B71F18D6DA0037D602 /* LaunchScreen.storyboard */ = {
			isa = PBXVariantGroup;
			children = (
				54F9B2B81F18D6DA0037D602 /* Base */,
			);
			name = LaunchScreen.storyboard;
			sourceTree = "<group>";
		};
/* End PBXVariantGroup section */

/* Begin XCBuildConfiguration section */
		54F9B2D11F18D6DA0037D602 /* Debug */ = {
			isa = XCBuildConfiguration;
			buildSettings = {
				ALWAYS_SEARCH_USER_PATHS = NO;
				CLANG_ANALYZER_NONNULL = YES;
				CLANG_ANALYZER_NUMBER_OBJECT_CONVERSION = YES_AGGRESSIVE;
				CLANG_CXX_LANGUAGE_STANDARD = "gnu++0x";
				CLANG_CXX_LIBRARY = "libc++";
				CLANG_ENABLE_MODULES = YES;
				CLANG_ENABLE_OBJC_ARC = YES;
				CLANG_WARN_BOOL_CONVERSION = YES;
				CLANG_WARN_CONSTANT_CONVERSION = YES;
				CLANG_WARN_DIRECT_OBJC_ISA_USAGE = YES_ERROR;
				CLANG_WARN_DOCUMENTATION_COMMENTS = YES;
				CLANG_WARN_EMPTY_BODY = YES;
				CLANG_WARN_ENUM_CONVERSION = YES;
				CLANG_WARN_INFINITE_RECURSION = YES;
				CLANG_WARN_INT_CONVERSION = YES;
				CLANG_WARN_OBJC_ROOT_CLASS = YES_ERROR;
				CLANG_WARN_SUSPICIOUS_MOVE = YES;
				CLANG_WARN_UNREACHABLE_CODE = YES;
				CLANG_WARN__DUPLICATE_METHOD_MATCH = YES;
				"CODE_SIGN_IDENTITY[sdk=iphoneos*]" = "iPhone Developer";
				COPY_PHASE_STRIP = NO;
				DEBUG_INFORMATION_FORMAT = dwarf;
				ENABLE_STRICT_OBJC_MSGSEND = YES;
				ENABLE_TESTABILITY = YES;
				GCC_C_LANGUAGE_STANDARD = gnu99;
				GCC_DYNAMIC_NO_PIC = NO;
				GCC_NO_COMMON_BLOCKS = YES;
				GCC_OPTIMIZATION_LEVEL = 0;
				GCC_PREPROCESSOR_DEFINITIONS = (
					"DEBUG=1",
					"$(inherited)",
				);
				GCC_WARN_64_TO_32_BIT_CONVERSION = YES;
				GCC_WARN_ABOUT_RETURN_TYPE = YES_ERROR;
				GCC_WARN_UNDECLARED_SELECTOR = YES;
				GCC_WARN_UNINITIALIZED_AUTOS = YES_AGGRESSIVE;
				GCC_WARN_UNUSED_FUNCTION = YES;
				GCC_WARN_UNUSED_VARIABLE = YES;
				IPHONEOS_DEPLOYMENT_TARGET = 10.3;
				MTL_ENABLE_DEBUG_INFO = YES;
				ONLY_ACTIVE_ARCH = YES;
				SDKROOT = iphoneos;
				SWIFT_ACTIVE_COMPILATION_CONDITIONS = DEBUG;
				SWIFT_OPTIMIZATION_LEVEL = "-Onone";
			};
			name = Debug;
		};
		54F9B2D21F18D6DA0037D602 /* Release */ = {
			isa = XCBuildConfiguration;
			buildSettings = {
				ALWAYS_SEARCH_USER_PATHS = NO;
				CLANG_ANALYZER_NONNULL = YES;
				CLANG_ANALYZER_NUMBER_OBJECT_CONVERSION = YES_AGGRESSIVE;
				CLANG_CXX_LANGUAGE_STANDARD = "gnu++0x";
				CLANG_CXX_LIBRARY = "libc++";
				CLANG_ENABLE_MODULES = YES;
				CLANG_ENABLE_OBJC_ARC = YES;
				CLANG_WARN_BOOL_CONVERSION = YES;
				CLANG_WARN_CONSTANT_CONVERSION = YES;
				CLANG_WARN_DIRECT_OBJC_ISA_USAGE = YES_ERROR;
				CLANG_WARN_DOCUMENTATION_COMMENTS = YES;
				CLANG_WARN_EMPTY_BODY = YES;
				CLANG_WARN_ENUM_CONVERSION = YES;
				CLANG_WARN_INFINITE_RECURSION = YES;
				CLANG_WARN_INT_CONVERSION = YES;
				CLANG_WARN_OBJC_ROOT_CLASS = YES_ERROR;
				CLANG_WARN_SUSPICIOUS_MOVE = YES;
				CLANG_WARN_UNREACHABLE_CODE = YES;
				CLANG_WARN__DUPLICATE_METHOD_MATCH = YES;
				"CODE_SIGN_IDENTITY[sdk=iphoneos*]" = "iPhone Developer";
				COPY_PHASE_STRIP = NO;
				DEBUG_INFORMATION_FORMAT = "dwarf-with-dsym";
				ENABLE_NS_ASSERTIONS = NO;
				ENABLE_STRICT_OBJC_MSGSEND = YES;
				GCC_C_LANGUAGE_STANDARD = gnu99;
				GCC_NO_COMMON_BLOCKS = YES;
				GCC_WARN_64_TO_32_BIT_CONVERSION = YES;
				GCC_WARN_ABOUT_RETURN_TYPE = YES_ERROR;
				GCC_WARN_UNDECLARED_SELECTOR = YES;
				GCC_WARN_UNINITIALIZED_AUTOS = YES_AGGRESSIVE;
				GCC_WARN_UNUSED_FUNCTION = YES;
				GCC_WARN_UNUSED_VARIABLE = YES;
				IPHONEOS_DEPLOYMENT_TARGET = 10.3;
				MTL_ENABLE_DEBUG_INFO = NO;
				SDKROOT = iphoneos;
				SWIFT_OPTIMIZATION_LEVEL = "-Owholemodule";
				VALIDATE_PRODUCT = YES;
			};
			name = Release;
		};
		54F9B2D41F18D6DA0037D602 /* Debug */ = {
			isa = XCBuildConfiguration;
			buildSettings = {
				ASSETCATALOG_COMPILER_APPICON_NAME = AppIcon;
				CLANG_ENABLE_MODULES = YES;
				INFOPLIST_FILE = "database(fmdb)/Info.plist";
				IPHONEOS_DEPLOYMENT_TARGET = 10.3;
				LD_RUNPATH_SEARCH_PATHS = "$(inherited) @executable_path/Frameworks";
				PRODUCT_BUNDLE_IDENTIFIER = "com.experts.database-fmdb-";
				PRODUCT_NAME = "$(TARGET_NAME)";
				SWIFT_OBJC_BRIDGING_HEADER = "/Users/abdulahad/Desktop/database(fmdb)/database(fmdb)-Bridging-Header.h";
				SWIFT_OPTIMIZATION_LEVEL = "-Onone";
				SWIFT_VERSION = 3.0;
			};
			name = Debug;
		};
		54F9B2D51F18D6DA0037D602 /* Release */ = {
			isa = XCBuildConfiguration;
			buildSettings = {
				ASSETCATALOG_COMPILER_APPICON_NAME = AppIcon;
				CLANG_ENABLE_MODULES = YES;
				INFOPLIST_FILE = "database(fmdb)/Info.plist";
				IPHONEOS_DEPLOYMENT_TARGET = 10.3;
				LD_RUNPATH_SEARCH_PATHS = "$(inherited) @executable_path/Frameworks";
				PRODUCT_BUNDLE_IDENTIFIER = "com.experts.database-fmdb-";
				PRODUCT_NAME = "$(TARGET_NAME)";
				SWIFT_OBJC_BRIDGING_HEADER = "/Users/abdulahad/Desktop/database(fmdb)/database(fmdb)-Bridging-Header.h";
				SWIFT_VERSION = 3.0;
			};
			name = Release;
		};
		54F9B2D71F18D6DA0037D602 /* Debug */ = {
			isa = XCBuildConfiguration;
			buildSettings = {
				ALWAYS_EMBED_SWIFT_STANDARD_LIBRARIES = YES;
				BUNDLE_LOADER = "$(TEST_HOST)";
				INFOPLIST_FILE = "database(fmdb)Tests/Info.plist";
				LD_RUNPATH_SEARCH_PATHS = "$(inherited) @executable_path/Frameworks @loader_path/Frameworks";
				PRODUCT_BUNDLE_IDENTIFIER = "com.experts.database-fmdb-Tests";
				PRODUCT_NAME = "$(TARGET_NAME)";
				SWIFT_VERSION = 3.0;
				TEST_HOST = "$(BUILT_PRODUCTS_DIR)/database(fmdb).app/database(fmdb)";
			};
			name = Debug;
		};
		54F9B2D81F18D6DA0037D602 /* Release */ = {
			isa = XCBuildConfiguration;
			buildSettings = {
				ALWAYS_EMBED_SWIFT_STANDARD_LIBRARIES = YES;
				BUNDLE_LOADER = "$(TEST_HOST)";
				INFOPLIST_FILE = "database(fmdb)Tests/Info.plist";
				LD_RUNPATH_SEARCH_PATHS = "$(inherited) @executable_path/Frameworks @loader_path/Frameworks";
				PRODUCT_BUNDLE_IDENTIFIER = "com.experts.database-fmdb-Tests";
				PRODUCT_NAME = "$(TARGET_NAME)";
				SWIFT_VERSION = 3.0;
				TEST_HOST = "$(BUILT_PRODUCTS_DIR)/database(fmdb).app/database(fmdb)";
			};
			name = Release;
		};
		54F9B2DA1F18D6DA0037D602 /* Debug */ = {
			isa = XCBuildConfiguration;
			buildSettings = {
				ALWAYS_EMBED_SWIFT_STANDARD_LIBRARIES = YES;
				INFOPLIST_FILE = "database(fmdb)UITests/Info.plist";
				LD_RUNPATH_SEARCH_PATHS = "$(inherited) @executable_path/Frameworks @loader_path/Frameworks";
				PRODUCT_BUNDLE_IDENTIFIER = "com.experts.database-fmdb-UITests";
				PRODUCT_NAME = "$(TARGET_NAME)";
				SWIFT_VERSION = 3.0;
				TEST_TARGET_NAME = "database(fmdb)";
			};
			name = Debug;
		};
		54F9B2DB1F18D6DA0037D602 /* Release */ = {
			isa = XCBuildConfiguration;
			buildSettings = {
				ALWAYS_EMBED_SWIFT_STANDARD_LIBRARIES = YES;
				INFOPLIST_FILE = "database(fmdb)UITests/Info.plist";
				LD_RUNPATH_SEARCH_PATHS = "$(inherited) @executable_path/Frameworks @loader_path/Frameworks";
				PRODUCT_BUNDLE_IDENTIFIER = "com.experts.database-fmdb-UITests";
				PRODUCT_NAME = "$(TARGET_NAME)";
				SWIFT_VERSION = 3.0;
				TEST_TARGET_NAME = "database(fmdb)";
			};
			name = Release;
		};
/* End XCBuildConfiguration section */

/* Begin XCConfigurationList section */
		54F9B2A61F18D6DA0037D602 /* Build configuration list for PBXProject "database(fmdb)" */ = {
			isa = XCConfigurationList;
			buildConfigurations = (
				54F9B2D11F18D6DA0037D602 /* Debug */,
				54F9B2D21F18D6DA0037D602 /* Release */,
			);
			defaultConfigurationIsVisible = 0;
			defaultConfigurationName = Release;
		};
		54F9B2D31F18D6DA0037D602 /* Build configuration list for PBXNativeTarget "database(fmdb)" */ = {
			isa = XCConfigurationList;
			buildConfigurations = (
				54F9B2D41F18D6DA0037D602 /* Debug */,
				54F9B2D51F18D6DA0037D602 /* Release */,
			);
			defaultConfigurationIsVisible = 0;
		};
		54F9B2D61F18D6DA0037D602 /* Build configuration list for PBXNativeTarget "database(fmdb)Tests" */ = {
			isa = XCConfigurationList;
			buildConfigurations = (
				54F9B2D71F18D6DA0037D602 /* Debug */,
				54F9B2D81F18D6DA0037D602 /* Release */,
			);
			defaultConfigurationIsVisible = 0;
		};
		54F9B2D91F18D6DA0037D602 /* Build configuration list for PBXNativeTarget "database(fmdb)UITests" */ = {
			isa = XCConfigurationList;
			buildConfigurations = (
				54F9B2DA1F18D6DA0037D602 /* Debug */,
				54F9B2DB1F18D6DA0037D602 /* Release */,
			);
			defaultConfigurationIsVisible = 0;
		};
/* End XCConfigurationList section */
	};
	rootObject = 54F9B2A31F18D6DA0037D602 /* Project object */;
}
